<?xml version="1.0" encoding="utf-8"?>
<Project ToolsVersion="4.0" xmlns="http://schemas.microsoft.com/developer/msbuild/2003">
  <ItemGroup>
    <Filter Include="Source Files">
      <UniqueIdentifier>{4FC737F1-C7A5-4376-A066-2A32D752A2FF}</UniqueIdentifier>
      <Extensions>cpp;c;cc;cxx;c++;cppm;ixx;def;odl;idl;hpj;bat;asm;asmx</Extensions>
    </Filter>
    <Filter Include="Header Files">
      <UniqueIdentifier>{93995380-89BD-4b04-88EB-625FBE52EBFB}</UniqueIdentifier>
      <Extensions>h;hh;hpp;hxx;h++;hm;inl;inc;ipp;xsd</Extensions>
    </Filter>
    <Filter Include="Resource Files">
      <UniqueIdentifier>{67DA6AB6-F800-4c08-8B7A-83BB121AAD01}</UniqueIdentifier>
      <Extensions>rc;ico;cur;bmp;dlg;rc2;rct;bin;rgs;gif;jpg;jpeg;jpe;resx;tiff;tif;png;wav;mfcribbon-ms</Extensions>
    </Filter>
    <Filter Include="Source Files\vkb">
      <UniqueIdentifier>{bd6f4775-ffcb-43b4-a1e7-82a1c3aa66b7}</UniqueIdentifier>
    </Filter>
    <Filter Include="Resource Files\shaders">
      <UniqueIdentifier>{6c54bf2b-42be-4422-9658-c037403a4826}</UniqueIdentifier>
    </Filter>
    <Filter Include="Resource Files\meshes">
      <UniqueIdentifier>{df80981e-bba8-409c-bc71-179f024dfff9}</UniqueIdentifier>
    </Filter>
    <Filter Include="Header Files\core">
      <UniqueIdentifier>{d86f51c9-6202-439a-8645-d62cf2a353c6}</UniqueIdentifier>
    </Filter>
    <Filter Include="Header Files\core\loaders">
      <UniqueIdentifier>{addc3c38-f9ef-4e7f-b1dd-bfe16a24d16b}</UniqueIdentifier>
    </Filter>
    <Filter Include="Header Files\core\graphics">
      <UniqueIdentifier>{c7ed57c1-ad62-4118-b7eb-e05ddae80273}</UniqueIdentifier>
    </Filter>
    <Filter Include="Header Files\core\graphics\resources">
      <UniqueIdentifier>{e9da1944-8147-4e7b-a241-4d3ae1b38cdd}</UniqueIdentifier>
    </Filter>
    <Filter Include="Header Files\core\rhi">
      <UniqueIdentifier>{468baa75-b4d4-4308-b524-774279764fe3}</UniqueIdentifier>
    </Filter>
    <Filter Include="Source Files\core">
      <UniqueIdentifier>{846b439f-6f48-4cad-96cf-0d2ca60e5db1}</UniqueIdentifier>
    </Filter>
    <Filter Include="Source Files\core\loaders">
      <UniqueIdentifier>{73a1fdcf-8258-476d-b008-0b7e08c49c56}</UniqueIdentifier>
    </Filter>
    <Filter Include="Source Files\core\graphics">
      <UniqueIdentifier>{d9ee44c9-4ace-4a7c-b1d1-f4d1ad3167e0}</UniqueIdentifier>
    </Filter>
    <Filter Include="Source Files\core\rhi">
      <UniqueIdentifier>{69b3d59b-2b82-4b4f-987e-d0a9f7e29cf5}</UniqueIdentifier>
    </Filter>
  </ItemGroup>
  <ItemGroup>
    <ClCompile Include="src\vkb\VkBootstrap.cpp">
      <Filter>Source Files\vkb</Filter>
    </ClCompile>
    <ClCompile Include="src\core\loaders\gltfLoader.cpp">
      <Filter>Source Files\core\loaders</Filter>
    </ClCompile>
    <ClCompile Include="src\core\loaders\shaderLoader.cpp">
      <Filter>Source Files\core\loaders</Filter>
    </ClCompile>
    <ClCompile Include="src\core\loaders\textureLoader.cpp">
      <Filter>Source Files\core\loaders</Filter>
    </ClCompile>
    <ClCompile Include="src\core\graphics\meshRenderer.cpp">
      <Filter>Source Files\core\graphics</Filter>
    </ClCompile>
    <ClCompile Include="src\core\rhi\commandBuffer_impl_vulkan.cpp">
      <Filter>Source Files\core\rhi</Filter>
    </ClCompile>
    <ClCompile Include="src\core\rhi\gpuDevice_impl_glfw_vulkan.cpp">
      <Filter>Source Files\core\rhi</Filter>
    </ClCompile>
    <ClCompile Include="src\core\rhi\image_impl_vulkan.cpp">
      <Filter>Source Files\core\rhi</Filter>
    </ClCompile>
    <ClCompile Include="src\core\rhi\pipeline_impl_vulkan.cpp">
      <Filter>Source Files\core\rhi</Filter>
    </ClCompile>
    <ClCompile Include="src\core\rhi\renderer_impl_vulkan.cpp">
      <Filter>Source Files\core\rhi</Filter>
    </ClCompile>
    <ClCompile Include="src\core\rhi\window_impl_vulkan.cpp">
      <Filter>Source Files\core\rhi</Filter>
    </ClCompile>
    <ClCompile Include="src\core\rhi\buffer_impl_vulkan.cpp">
      <Filter>Source Files\core\rhi</Filter>
    </ClCompile>
  </ItemGroup>
  <ItemGroup>
    <ClInclude Include="src\vkb\VkBootstrap.h">
      <Filter>Source Files\vkb</Filter>
    </ClInclude>
    <ClInclude Include="src\vkb\VkBootstrapDispatch.h">
      <Filter>Source Files\vkb</Filter>
    </ClInclude>
    <ClInclude Include="include\core\loaders\gltfLoader.h">
      <Filter>Header Files\core\loaders</Filter>
    </ClInclude>
    <ClInclude Include="include\core\loaders\shaderLoader.h">
      <Filter>Header Files\core\loaders</Filter>
    </ClInclude>
    <ClInclude Include="include\core\loaders\textureLoader.h">
      <Filter>Header Files\core\loaders</Filter>
    </ClInclude>
    <ClInclude Include="include\core\graphics\renderGraph.h">
      <Filter>Header Files\core\graphics</Filter>
    </ClInclude>
    <ClInclude Include="include\core\graphics\resources\material.h">
      <Filter>Header Files\core\graphics\resources</Filter>
    </ClInclude>
    <ClInclude Include="include\core\graphics\resources\mesh.h">
      <Filter>Header Files\core\graphics\resources</Filter>
    </ClInclude>
    <ClInclude Include="include\core\graphics\resources\scene.h">
      <Filter>Header Files\core\graphics\resources</Filter>
    </ClInclude>
    <ClInclude Include="include\core\graphics\resources\texture.h">
      <Filter>Header Files\core\graphics\resources</Filter>
    </ClInclude>
    <ClInclude Include="include\core\rhi\commandBuffer.h">
      <Filter>Header Files\core\rhi</Filter>
    </ClInclude>
    <ClInclude Include="include\core\rhi\gpuDevice.h">
      <Filter>Header Files\core\rhi</Filter>
    </ClInclude>
    <ClInclude Include="include\core\rhi\image.h">
      <Filter>Header Files\core\rhi</Filter>
    </ClInclude>
    <ClInclude Include="include\core\rhi\pipeline.h">
      <Filter>Header Files\core\rhi</Filter>
    </ClInclude>
    <ClInclude Include="include\core\rhi\renderer.h">
      <Filter>Header Files\core\rhi</Filter>
    </ClInclude>
    <ClInclude Include="include\core\rhi\renderingInfo.h">
      <Filter>Header Files\core\rhi</Filter>
    </ClInclude>
    <ClInclude Include="include\core\rhi\window.h">
      <Filter>Header Files\core\rhi</Filter>
    </ClInclude>
    <ClInclude Include="src\core\rhi\commandBuffer_impl_vulkan.h">
      <Filter>Source Files\core\rhi</Filter>
    </ClInclude>
    <ClInclude Include="src\core\rhi\gpuDevice_impl_glfw_vulkan.h">
      <Filter>Source Files\core\rhi</Filter>
    </ClInclude>
    <ClInclude Include="src\core\rhi\image_impl_vulkan.h">
      <Filter>Source Files\core\rhi</Filter>
    </ClInclude>
    <ClInclude Include="src\core\rhi\pipeline_impl_vulkan.h">
      <Filter>Source Files\core\rhi</Filter>
    </ClInclude>
    <ClInclude Include="src\core\rhi\renderer_impl_vulkan.h">
      <Filter>Source Files\core\rhi</Filter>
    </ClInclude>
    <ClInclude Include="src\core\rhi\window_impl_vulkan.h">
      <Filter>Source Files\core\rhi</Filter>
    </ClInclude>
    <ClInclude Include="include\core\graphics\meshRenderer.h">
      <Filter>Header Files\core\graphics</Filter>
    </ClInclude>
    <ClInclude Include="include\core\rhi\descriptorSet.h">
      <Filter>Header Files\core\rhi</Filter>
    </ClInclude>
    <ClInclude Include="include\core\rhi\buffer.h">
      <Filter>Header Files\core\rhi</Filter>
    </ClInclude>
    <ClInclude Include="src\core\rhi\buffer_impl_vulkan.h">
      <Filter>Source Files\core\rhi</Filter>
    </ClInclude>
    <ClInclude Include="src\core\rhi\descriptorSet_impl_vulkan.h">
      <Filter>Source Files\core\rhi</Filter>
    </ClInclude>
  </ItemGroup>
  <ItemGroup>
    <None Include="..\bin\assets\meshes\basicmesh.glb">
      <Filter>Resource Files\meshes</Filter>
    </None>
    <None Include="..\bin\assets\meshes\house.glb">
      <Filter>Resource Files\meshes</Filter>
    </None>
    <None Include="..\bin\assets\meshes\house2.glb">
      <Filter>Resource Files\meshes</Filter>
    </None>
    <None Include="..\bin\assets\meshes\lost_empire.mtl">
      <Filter>Resource Files\meshes</Filter>
    </None>
    <None Include="..\bin\assets\meshes\monkey.glb">
      <Filter>Resource Files\meshes</Filter>
    </None>
    <None Include="..\bin\assets\meshes\monkey_flat.mtl">
      <Filter>Resource Files\meshes</Filter>
    </None>
    <None Include="..\bin\assets\meshes\monkey_smooth.mtl">
      <Filter>Resource Files\meshes</Filter>
    </None>
    <None Include="..\bin\assets\meshes\monkey2.glb">
      <Filter>Resource Files\meshes</Filter>
    </None>
    <None Include="..\bin\assets\meshes\monkeyHD.glb">
      <Filter>Resource Files\meshes</Filter>
    </None>
    <None Include="..\bin\assets\meshes\structure.glb">
      <Filter>Resource Files\meshes</Filter>
    </None>
    <None Include="..\bin\assets\meshes\structure_mat.glb">
      <Filter>Resource Files\meshes</Filter>
    </None>
  </ItemGroup>
  <ItemGroup>
    <Text Include="..\bin\assets\meshes\copyright.txt">
      <Filter>Resource Files\meshes</Filter>
    </Text>
  </ItemGroup>
  <ItemGroup>
    <Image Include="..\bin\assets\meshes\lost_empire-Alpha.png">
      <Filter>Resource Files\meshes</Filter>
    </Image>
    <Image Include="..\bin\assets\meshes\lost_empire-RGB.png">
      <Filter>Resource Files\meshes</Filter>
    </Image>
    <Image Include="..\bin\assets\meshes\lost_empire-RGBA.png">
      <Filter>Resource Files\meshes</Filter>
    </Image>
  </ItemGroup>
  <ItemGroup>
    <CustomBuild Include="..\bin\assets\shaders\triangle.frag">
      <Filter>Resource Files\shaders</Filter>
    </CustomBuild>
    <CustomBuild Include="..\bin\assets\shaders\triangle.vert">
      <Filter>Resource Files\shaders</Filter>
    </CustomBuild>
    <CustomBuild Include="..\bin\assets\shaders\mesh.frag">
      <Filter>Resource Files\shaders</Filter>
    </CustomBuild>
    <CustomBuild Include="..\bin\assets\shaders\mesh.vert">
      <Filter>Resource Files\shaders</Filter>
    </CustomBuild>
  </ItemGroup>
</Project>